
Microsoft Visual Studio Solution File, Format Version 12.00
# Visual Studio Version 17
VisualStudioVersion = 17.3.32819.101
MinimumVisualStudioVersion = 10.0.40219.1
Project("{FAE04EC0-301F-11D3-BF4B-00C04F79EFBC}") = "DisasmX86App", "DisasmX86App\DisasmX86App.csproj", "{1B876441-1D93-4010-9254-EAB98EFBD50A}"
EndProject
Global
	GlobalSection(SolutionConfigurationPlatforms) = preSolution
		Debug|Any CPU = Debug|Any CPU
		Release|Any CPU = Release|Any CPU
	EndGlobalSection
	GlobalSection(ProjectConfigurationPlatforms) = postSolution
		{1B876441-1D93-4010-9254-EAB98EFBD50A}.Debug|Any CPU.ActiveCfg = Debug|Any CPU
		{1B876441-1D93-4010-9254-EAB98EFBD50A}.Debug|Any CPU.Build.0 = Debug|Any CPU
		{1B876441-1D93-4010-9254-EAB98EFBD50A}.Release|Any CPU.ActiveCfg = Release|Any CPU
		{1B876441-1D93-4010-9254-EAB98EFBD50A}.Release|Any CPU.Build.0 = Release|Any CPU
	EndGlobalSection
	GlobalSection(SolutionProperties) = preSolution
		HideSolutionNode = FALSE
	EndGlobalSection
	GlobalSection(ExtensibilityGlobals) = postSolution
		SolutionGuid = {B01292E3-9890-4A1A-856A-15858A8ED6DA}
	EndGlobalSection
EndGlobal
